// !$*UTF8*$!
{
	archiveVersion = 1;
	classes = {
	};
	objectVersion = 48;
	objects = {

/* Begin PBXBuildFile section */
		05D454E31FDDEE4C00EEADCC /* AppDelegate.swift in Sources */ = {isa = PBXBuildFile; fileRef = 05D454E21FDDEE4C00EEADCC /* AppDelegate.swift */; };
		05D454E51FDDEE4C00EEADCC /* ViewController.swift in Sources */ = {isa = PBXBuildFile; fileRef = 05D454E41FDDEE4C00EEADCC /* ViewController.swift */; };
		05D454E81FDDEE4C00EEADCC /* Main.storyboard in Resources */ = {isa = PBXBuildFile; fileRef = 05D454E61FDDEE4C00EEADCC /* Main.storyboard */; };
		05D454EA1FDDEE4C00EEADCC /* Assets.xcassets in Resources */ = {isa = PBXBuildFile; fileRef = 05D454E91FDDEE4C00EEADCC /* Assets.xcassets */; };
		05D454ED1FDDEE4C00EEADCC /* LaunchScreen.storyboard in Resources */ = {isa = PBXBuildFile; fileRef = 05D454EB1FDDEE4C00EEADCC /* LaunchScreen.storyboard */; };
		05D454F81FDDEE4D00EEADCC /* CalculatorTests.swift in Sources */ = {isa = PBXBuildFile; fileRef = 05D454F71FDDEE4D00EEADCC /* CalculatorTests.swift */; };
		05D455031FDDEE4D00EEADCC /* CalculatorUITests.swift in Sources */ = {isa = PBXBuildFile; fileRef = 05D455021FDDEE4D00EEADCC /* CalculatorUITests.swift */; };
/* End PBXBuildFile section */

/* Begin PBXContainerItemProxy section */
		05D454F41FDDEE4C00EEADCC /* PBXContainerItemProxy */ = {
			isa = PBXContainerItemProxy;
			containerPortal = 05D454D71FDDEE4C00EEADCC /* Project object */;
			proxyType = 1;
			remoteGlobalIDString = 05D454DE1FDDEE4C00EEADCC;
			remoteInfo = Calculator;
		};
		05D454FF1FDDEE4D00EEADCC /* PBXContainerItemProxy */ = {
			isa = PBXContainerItemProxy;
			containerPortal = 05D454D71FDDEE4C00EEADCC /* Project object */;
			proxyType = 1;
			remoteGlobalIDString = 05D454DE1FDDEE4C00EEADCC;
			remoteInfo = Calculator;
		};
/* End PBXContainerItemProxy section */

/* Begin PBXFileReference section */
		05D454DF1FDDEE4C00EEADCC /* Calculator.app */ = {isa = PBXFileReference; explicitFileType = wrapper.application; includeInIndex = 0; path = Calculator.app; sourceTree = BUILT_PRODUCTS_DIR; };
		05D454E21FDDEE4C00EEADCC /* AppDelegate.swift */ = {isa = PBXFileReference; lastKnownFileType = sourcecode.swift; path = AppDelegate.swift; sourceTree = "<group>"; };
		05D454E41FDDEE4C00EEADCC /* ViewController.swift */ = {isa = PBXFileReference; lastKnownFileType = sourcecode.swift; path = ViewController.swift; sourceTree = "<group>"; };
		05D454E71FDDEE4C00EEADCC /* Base */ = {isa = PBXFileReference; lastKnownFileType = file.storyboard; name = Base; path = Base.lproj/Main.storyboard; sourceTree = "<group>"; };
		05D454E91FDDEE4C00EEADCC /* Assets.xcassets */ = {isa = PBXFileReference; lastKnownFileType = folder.assetcatalog; path = Assets.xcassets; sourceTree = "<group>"; };
		05D454EC1FDDEE4C00EEADCC /* Base */ = {isa = PBXFileReference; lastKnownFileType = file.storyboard; name = Base; path = Base.lproj/LaunchScreen.storyboard; sourceTree = "<group>"; };
		05D454EE1FDDEE4C00EEADCC /* Info.plist */ = {isa = PBXFileReference; lastKnownFileType = text.plist.xml; path = Info.plist; sourceTree = "<group>"; };
		05D454F31FDDEE4C00EEADCC /* CalculatorTests.xctest */ = {isa = PBXFileReference; explicitFileType = wrapper.cfbundle; includeInIndex = 0; path = CalculatorTests.xctest; sourceTree = BUILT_PRODUCTS_DIR; };
		05D454F71FDDEE4D00EEADCC /* CalculatorTests.swift */ = {isa = PBXFileReference; lastKnownFileType = sourcecode.swift; path = CalculatorTests.swift; sourceTree = "<group>"; };
		05D454F91FDDEE4D00EEADCC /* Info.plist */ = {isa = PBXFileReference; lastKnownFileType = text.plist.xml; path = Info.plist; sourceTree = "<group>"; };
		05D454FE1FDDEE4D00EEADCC /* CalculatorUITests.xctest */ = {isa = PBXFileReference; explicitFileType = wrapper.cfbundle; includeInIndex = 0; path = CalculatorUITests.xctest; sourceTree = BUILT_PRODUCTS_DIR; };
		05D455021FDDEE4D00EEADCC /* CalculatorUITests.swift */ = {isa = PBXFileReference; lastKnownFileType = sourcecode.swift; path = CalculatorUITests.swift; sourceTree = "<group>"; };
		05D455041FDDEE4D00EEADCC /* Info.plist */ = {isa = PBXFileReference; lastKnownFileType = text.plist.xml; path = Info.plist; sourceTree = "<group>"; };
/* End PBXFileReference section */

/* Begin PBXFrameworksBuildPhase section */
		05D454DC1FDDEE4C00EEADCC /* Frameworks */ = {
			isa = PBXFrameworksBuildPhase;
			buildActionMask = 2147483647;
			files = (
			);
			runOnlyForDeploymentPostprocessing = 0;
		};
		05D454F01FDDEE4C00EEADCC /* Frameworks */ = {
			isa = PBXFrameworksBuildPhase;
			buildActionMask = 2147483647;
			files = (
			);
			runOnlyForDeploymentPostprocessing = 0;
		};
		05D454FB1FDDEE4D00EEADCC /* Frameworks */ = {
			isa = PBXFrameworksBuildPhase;
			buildActionMask = 2147483647;
			files = (
			);
			runOnlyForDeploymentPostprocessing = 0;
		};
/* End PBXFrameworksBuildPhase section */

/* Begin PBXGroup section */
		05D454D61FDDEE4C00EEADCC = {
			isa = PBXGroup;
			children = (
				05D454E11FDDEE4C00EEADCC /* Calculator */,
				05D454F61FDDEE4C00EEADCC /* CalculatorTests */,
				05D455011FDDEE4D00EEADCC /* CalculatorUITests */,
				05D454E01FDDEE4C00EEADCC /* Products */,
			);
			sourceTree = "<group>";
		};
		05D454E01FDDEE4C00EEADCC /* Products */ = {
			isa = PBXGroup;
			children = (
				05D454DF1FDDEE4C00EEADCC /* Calculator.app */,
				05D454F31FDDEE4C00EEADCC /* CalculatorTests.xctest */,
				05D454FE1FDDEE4D00EEADCC /* CalculatorUITests.xctest */,
			);
			name = Products;
			sourceTree = "<group>";
		};
		05D454E11FDDEE4C00EEADCC /* Calculator */ = {
			isa = PBXGroup;
			children = (
				05D454E21FDDEE4C00EEADCC /* AppDelegate.swift */,
				05D454E41FDDEE4C00EEADCC /* ViewController.swift */,
				05D454E61FDDEE4C00EEADCC /* Main.storyboard */,
				05D454E91FDDEE4C00EEADCC /* Assets.xcassets */,
				05D454EB1FDDEE4C00EEADCC /* LaunchScreen.storyboard */,
				05D454EE1FDDEE4C00EEADCC /* Info.plist */,
			);
			path = Calculator;
			sourceTree = "<group>";
		};
		05D454F61FDDEE4C00EEADCC /* CalculatorTests */ = {
			isa = PBXGroup;
			children = (
				05D454F71FDDEE4D00EEADCC /* CalculatorTests.swift */,
				05D454F91FDDEE4D00EEADCC /* Info.plist */,
			);
			path = CalculatorTests;
			sourceTree = "<group>";
		};
		05D455011FDDEE4D00EEADCC /* CalculatorUITests */ = {
			isa = PBXGroup;
			children = (
				05D455021FDDEE4D00EEADCC /* CalculatorUITests.swift */,
				05D455041FDDEE4D00EEADCC /* Info.plist */,
			);
			path = CalculatorUITests;
			sourceTree = "<group>";
		};
/* End PBXGroup section */

/* Begin PBXNativeTarget section */
		05D454DE1FDDEE4C00EEADCC /* Calculator */ = {
			isa = PBXNativeTarget;
			buildConfigurationList = 05D455071FDDEE4D00EEADCC /* Build configuration list for PBXNativeTarget "Calculator" */;
			buildPhases = (
				05D454DB1FDDEE4C00EEADCC /* Sources */,
				05D454DC1FDDEE4C00EEADCC /* Frameworks */,
				05D454DD1FDDEE4C00EEADCC /* Resources */,
			);
			buildRules = (
			);
			dependencies = (
			);
			name = Calculator;
			productName = Calculator;
			productReference = 05D454DF1FDDEE4C00EEADCC /* Calculator.app */;
			productType = "com.apple.product-type.application";
		};
		05D454F21FDDEE4C00EEADCC /* CalculatorTests */ = {
			isa = PBXNativeTarget;
			buildConfigurationList = 05D4550A1FDDEE4D00EEADCC /* Build configuration list for PBXNativeTarget "CalculatorTests" */;
			buildPhases = (
				05D454EF1FDDEE4C00EEADCC /* Sources */,
				05D454F01FDDEE4C00EEADCC /* Frameworks */,
				05D454F11FDDEE4C00EEADCC /* Resources */,
			);
			buildRules = (
			);
			dependencies = (
				05D454F51FDDEE4C00EEADCC /* PBXTargetDependency */,
			);
			name = CalculatorTests;
			productName = CalculatorTests;
			productReference = 05D454F31FDDEE4C00EEADCC /* CalculatorTests.xctest */;
			productType = "com.apple.product-type.bundle.unit-test";
		};
		05D454FD1FDDEE4D00EEADCC /* CalculatorUITests */ = {
			isa = PBXNativeTarget;
			buildConfigurationList = 05D4550D1FDDEE4D00EEADCC /* Build configuration list for PBXNativeTarget "CalculatorUITests" */;
			buildPhases = (
				05D454FA1FDDEE4D00EEADCC /* Sources */,
				05D454FB1FDDEE4D00EEADCC /* Frameworks */,
				05D454FC1FDDEE4D00EEADCC /* Resources */,
			);
			buildRules = (
			);
			dependencies = (
				05D455001FDDEE4D00EEADCC /* PBXTargetDependency */,
			);
			name = CalculatorUITests;
			productName = CalculatorUITests;
			productReference = 05D454FE1FDDEE4D00EEADCC /* CalculatorUITests.xctest */;
			productType = "com.apple.product-type.bundle.ui-testing";
		};
/* End PBXNativeTarget section */

/* Begin PBXProject section */
		05D454D71FDDEE4C00EEADCC /* Project object */ = {
			isa = PBXProject;
			attributes = {
				LastSwiftUpdateCheck = 0920;
				LastUpgradeCheck = 0920;
				ORGANIZATIONNAME = "Austin Borop";
				TargetAttributes = {
					05D454DE1FDDEE4C00EEADCC = {
						CreatedOnToolsVersion = 9.2;
						ProvisioningStyle = Automatic;
					};
					05D454F21FDDEE4C00EEADCC = {
						CreatedOnToolsVersion = 9.2;
						ProvisioningStyle = Automatic;
						TestTargetID = 05D454DE1FDDEE4C00EEADCC;
					};
					05D454FD1FDDEE4D00EEADCC = {
						CreatedOnToolsVersion = 9.2;
						ProvisioningStyle = Automatic;
						TestTargetID = 05D454DE1FDDEE4C00EEADCC;
					};
				};
			};
			buildConfigurationList = 05D454DA1FDDEE4C00EEADCC /* Build configuration list for PBXProject "Calculator" */;
			compatibilityVersion = "Xcode 8.0";
			developmentRegion = en;
			hasScannedForEncodings = 0;
			knownRegions = (
				en,
				Base,
			);
			mainGroup = 05D454D61FDDEE4C00EEADCC;
			productRefGroup = 05D454E01FDDEE4C00EEADCC /* Products */;
			projectDirPath = "";
			projectRoot = "";
			targets = (
				05D454DE1FDDEE4C00EEADCC /* Calculator */,
				05D454F21FDDEE4C00EEADCC /* CalculatorTests */,
				05D454FD1FDDEE4D00EEADCC /* CalculatorUITests */,
			);
		};
/* End PBXProject section */

/* Begin PBXResourcesBuildPhase section */
		05D454DD1FDDEE4C00EEADCC /* Resources */ = {
			isa = PBXResourcesBuildPhase;
			buildActionMask = 2147483647;
			files = (
				05D454ED1FDDEE4C00EEADCC /* LaunchScreen.storyboard in Resources */,
				05D454EA1FDDEE4C00EEADCC /* Assets.xcassets in Resources */,
				05D454E81FDDEE4C00EEADCC /* Main.storyboard in Resources */,
			);
			runOnlyForDeploymentPostprocessing = 0;
		};
		05D454F11FDDEE4C00EEADCC /* Resources */ = {
			isa = PBXResourcesBuildPhase;
			buildActionMask = 2147483647;
			files = (
			);
			runOnlyForDeploymentPostprocessing = 0;
		};
		05D454FC1FDDEE4D00EEADCC /* Resources */ = {
			isa = PBXResourcesBuildPhase;
			buildActionMask = 2147483647;
			files = (
			);
			runOnlyForDeploymentPostprocessing = 0;
		};
/* End PBXResourcesBuildPhase section */

/* Begin PBXSourcesBuildPhase section */
		05D454DB1FDDEE4C00EEADCC /* Sources */ = {
			isa = PBXSourcesBuildPhase;
			buildActionMask = 2147483647;
			files = (
				05D454E51FDDEE4C00EEADCC /* ViewController.swift in Sources */,
				05D454E31FDDEE4C00EEADCC /* AppDelegate.swift in Sources */,
			);
			runOnlyForDeploymentPostprocessing = 0;
		};
		05D454EF1FDDEE4C00EEADCC /* Sources */ = {
			isa = PBXSourcesBuildPhase;
			buildActionMask = 2147483647;
			files = (
				05D454F81FDDEE4D00EEADCC /* CalculatorTests.swift in Sources */,
			);
			runOnlyForDeploymentPostprocessing = 0;
		};
		05D454FA1FDDEE4D00EEADCC /* Sources */ = {
			isa = PBXSourcesBuildPhase;
			buildActionMask = 2147483647;
			files = (
				05D455031FDDEE4D00EEADCC /* CalculatorUITests.swift in Sources */,
			);
			runOnlyForDeploymentPostprocessing = 0;
		};
/* End PBXSourcesBuildPhase section */

/* Begin PBXTargetDependency section */
		05D454F51FDDEE4C00EEADCC /* PBXTargetDependency */ = {
			isa = PBXTargetDependency;
			target = 05D454DE1FDDEE4C00EEADCC /* Calculator */;
			targetProxy = 05D454F41FDDEE4C00EEADCC /* PBXContainerItemProxy */;
		};
		05D455001FDDEE4D00EEADCC /* PBXTargetDependency */ = {
			isa = PBXTargetDependency;
			target = 05D454DE1FDDEE4C00EEADCC /* Calculator */;
			targetProxy = 05D454FF1FDDEE4D00EEADCC /* PBXContainerItemProxy */;
		};
/* End PBXTargetDependency section */

/* Begin PBXVariantGroup section */
		05D454E61FDDEE4C00EEADCC /* Main.storyboard */ = {
			isa = PBXVariantGroup;
			children = (
				05D454E71FDDEE4C00EEADCC /* Base */,
			);
			name = Main.storyboard;
			sourceTree = "<group>";
		};
		05D454EB1FDDEE4C00EEADCC /* LaunchScreen.storyboard */ = {
			isa = PBXVariantGroup;
			children = (
				05D454EC1FDDEE4C00EEADCC /* Base */,
			);
			name = LaunchScreen.storyboard;
			sourceTree = "<group>";
		};
/* End PBXVariantGroup section */

/* Begin XCBuildConfiguration section */
		05D455051FDDEE4D00EEADCC /* Debug */ = {
			isa = XCBuildConfiguration;
			buildSettings = {
				ALWAYS_SEARCH_USER_PATHS = NO;
				CLANG_ANALYZER_NONNULL = YES;
				CLANG_ANALYZER_NUMBER_OBJECT_CONVERSION = YES_AGGRESSIVE;
				CLANG_CXX_LANGUAGE_STANDARD = "gnu++14";
				CLANG_CXX_LIBRARY = "libc++";
				CLANG_ENABLE_MODULES = YES;
				CLANG_ENABLE_OBJC_ARC = YES;
				CLANG_WARN_BLOCK_CAPTURE_AUTORELEASING = YES;
				CLANG_WARN_BOOL_CONVERSION = YES;
				CLANG_WARN_COMMA = YES;
				CLANG_WARN_CONSTANT_CONVERSION = YES;
				CLANG_WARN_DIRECT_OBJC_ISA_USAGE = YES_ERROR;
				CLANG_WARN_DOCUMENTATION_COMMENTS = YES;
				CLANG_WARN_EMPTY_BODY = YES;
				CLANG_WARN_ENUM_CONVERSION = YES;
				CLANG_WARN_INFINITE_RECURSION = YES;
				CLANG_WARN_INT_CONVERSION = YES;
				CLANG_WARN_NON_LITERAL_NULL_CONVERSION = YES;
				CLANG_WARN_OBJC_LITERAL_CONVERSION = YES;
				CLANG_WARN_OBJC_ROOT_CLASS = YES_ERROR;
				CLANG_WARN_RANGE_LOOP_ANALYSIS = YES;
				CLANG_WARN_STRICT_PROTOTYPES = YES;
				CLANG_WARN_SUSPICIOUS_MOVE = YES;
				CLANG_WARN_UNGUARDED_AVAILABILITY = YES_AGGRESSIVE;
				CLANG_WARN_UNREACHABLE_CODE = YES;
				CLANG_WARN__DUPLICATE_METHOD_MATCH = YES;
				CODE_SIGN_IDENTITY = "iPhone Developer";
				COPY_PHASE_STRIP = NO;
				DEBUG_INFORMATION_FORMAT = dwarf;
				ENABLE_STRICT_OBJC_MSGSEND = YES;
				ENABLE_TESTABILITY = YES;
				GCC_C_LANGUAGE_STANDARD = gnu11;
				GCC_DYNAMIC_NO_PIC = NO;
				GCC_NO_COMMON_BLOCKS = YES;
				GCC_OPTIMIZATION_LEVEL = 0;
				GCC_PREPROCESSOR_DEFINITIONS = (
					"DEBUG=1",
					"$(inherited)",
				);
				GCC_WARN_64_TO_32_BIT_CONVERSION = YES;
				GCC_WARN_ABOUT_RETURN_TYPE = YES_ERROR;
				GCC_WARN_UNDECLARED_SELECTOR = YES;
				GCC_WARN_UNINITIALIZED_AUTOS = YES_AGGRESSIVE;
				GCC_WARN_UNUSED_FUNCTION = YES;
				GCC_WARN_UNUSED_VARIABLE = YES;
				IPHONEOS_DEPLOYMENT_TARGET = 11.2;
				MTL_ENABLE_DEBUG_INFO = YES;
				ONLY_ACTIVE_ARCH = YES;
				SDKROOT = iphoneos;
				SWIFT_ACTIVE_COMPILATION_CONDITIONS = DEBUG;
				SWIFT_OPTIMIZATION_LEVEL = "-Onone";
			};
			name = Debug;
		};
		05D455061FDDEE4D00EEADCC /* Release */ = {
			isa = XCBuildConfiguration;
			buildSettings = {
				ALWAYS_SEARCH_USER_PATHS = NO;
				CLANG_ANALYZER_NONNULL = YES;
				CLANG_ANALYZER_NUMBER_OBJECT_CONVERSION = YES_AGGRESSIVE;
				CLANG_CXX_LANGUAGE_STANDARD = "gnu++14";
				CLANG_CXX_LIBRARY = "libc++";
				CLANG_ENABLE_MODULES = YES;
				CLANG_ENABLE_OBJC_ARC = YES;
				CLANG_WARN_BLOCK_CAPTURE_AUTORELEASING = YES;
				CLANG_WARN_BOOL_CONVERSION = YES;
				CLANG_WARN_COMMA = YES;
				CLANG_WARN_CONSTANT_CONVERSION = YES;
				CLANG_WARN_DIRECT_OBJC_ISA_USAGE = YES_ERROR;
				CLANG_WARN_DOCUMENTATION_COMMENTS = YES;
				CLANG_WARN_EMPTY_BODY = YES;
				CLANG_WARN_ENUM_CONVERSION = YES;
				CLANG_WARN_INFINITE_RECURSION = YES;
				CLANG_WARN_INT_CONVERSION = YES;
				CLANG_WARN_NON_LITERAL_NULL_CONVERSION = YES;
				CLANG_WARN_OBJC_LITERAL_CONVERSION = YES;
				CLANG_WARN_OBJC_ROOT_CLASS = YES_ERROR;
				CLANG_WARN_RANGE_LOOP_ANALYSIS = YES;
				CLANG_WARN_STRICT_PROTOTYPES = YES;
				CLANG_WARN_SUSPICIOUS_MOVE = YES;
				CLANG_WARN_UNGUARDED_AVAILABILITY = YES_AGGRESSIVE;
				CLANG_WARN_UNREACHABLE_CODE = YES;
				CLANG_WARN__DUPLICATE_METHOD_MATCH = YES;
				CODE_SIGN_IDENTITY = "iPhone Developer";
				COPY_PHASE_STRIP = NO;
				DEBUG_INFORMATION_FORMAT = "dwarf-with-dsym";
				ENABLE_NS_ASSERTIONS = NO;
				ENABLE_STRICT_OBJC_MSGSEND = YES;
				GCC_C_LANGUAGE_STANDARD = gnu11;
				GCC_NO_COMMON_BLOCKS = YES;
				GCC_WARN_64_TO_32_BIT_CONVERSION = YES;
				GCC_WARN_ABOUT_RETURN_TYPE = YES_ERROR;
				GCC_WARN_UNDECLARED_SELECTOR = YES;
				GCC_WARN_UNINITIALIZED_AUTOS = YES_AGGRESSIVE;
				GCC_WARN_UNUSED_FUNCTION = YES;
				GCC_WARN_UNUSED_VARIABLE = YES;
				IPHONEOS_DEPLOYMENT_TARGET = 11.2;
				MTL_ENABLE_DEBUG_INFO = NO;
				SDKROOT = iphoneos;
				SWIFT_OPTIMIZATION_LEVEL = "-Owholemodule";
				VALIDATE_PRODUCT = YES;
			};
			name = Release;
		};
		05D455081FDDEE4D00EEADCC /* Debug */ = {
			isa = XCBuildConfiguration;
			buildSettings = {
				ASSETCATALOG_COMPILER_APPICON_NAME = AppIcon;
				CODE_SIGN_STYLE = Automatic;
				DEVELOPMENT_TEAM = HPR58Q2CVW;
				INFOPLIST_FILE = Calculator/Info.plist;
				LD_RUNPATH_SEARCH_PATHS = "$(inherited) @executable_path/Frameworks";
				PRODUCT_BUNDLE_IDENTIFIER = com.borop.Calculator;
				PRODUCT_NAME = "$(TARGET_NAME)";
				SWIFT_VERSION = 4.0;
				TARGETED_DEVICE_FAMILY = "1,2";
			};
			name = Debug;
		};
		05D455091FDDEE4D00EEADCC /* Release */ = {
			isa = XCBuildConfiguration;
			buildSettings = {
				ASSETCATALOG_COMPILER_APPICON_NAME = AppIcon;
				CODE_SIGN_STYLE = Automatic;
				DEVELOPMENT_TEAM = HPR58Q2CVW;
				INFOPLIST_FILE = Calculator/Info.plist;
				LD_RUNPATH_SEARCH_PATHS = "$(inherited) @executable_path/Frameworks";
				PRODUCT_BUNDLE_IDENTIFIER = com.borop.Calculator;
				PRODUCT_NAME = "$(TARGET_NAME)";
				SWIFT_VERSION = 4.0;
				TARGETED_DEVICE_FAMILY = "1,2";
			};
			name = Release;
		};
		05D4550B1FDDEE4D00EEADCC /* Debug */ = {
			isa = XCBuildConfiguration;
			buildSettings = {
				ALWAYS_EMBED_SWIFT_STANDARD_LIBRARIES = YES;
				BUNDLE_LOADER = "$(TEST_HOST)";
				CODE_SIGN_STYLE = Automatic;
				DEVELOPMENT_TEAM = HPR58Q2CVW;
				INFOPLIST_FILE = CalculatorTests/Info.plist;
				LD_RUNPATH_SEARCH_PATHS = "$(inherited) @executable_path/Frameworks @loader_path/Frameworks";
				PRODUCT_BUNDLE_IDENTIFIER = com.borop.CalculatorTests;
				PRODUCT_NAME = "$(TARGET_NAME)";
				SWIFT_VERSION = 4.0;
				TARGETED_DEVICE_FAMILY = "1,2";
				TEST_HOST = "$(BUILT_PRODUCTS_DIR)/Calculator.app/Calculator";
			};
			name = Debug;
		};
		05D4550C1FDDEE4D00EEADCC /* Release */ = {
			isa = XCBuildConfiguration;
			buildSettings = {
				ALWAYS_EMBED_SWIFT_STANDARD_LIBRARIES = YES;
				BUNDLE_LOADER = "$(TEST_HOST)";
				CODE_SIGN_STYLE = Automatic;
				DEVELOPMENT_TEAM = HPR58Q2CVW;
				INFOPLIST_FILE = CalculatorTests/Info.plist;
				LD_RUNPATH_SEARCH_PATHS = "$(inherited) @executable_path/Frameworks @loader_path/Frameworks";
				PRODUCT_BUNDLE_IDENTIFIER = com.borop.CalculatorTests;
				PRODUCT_NAME = "$(TARGET_NAME)";
				SWIFT_VERSION = 4.0;
				TARGETED_DEVICE_FAMILY = "1,2";
				TEST_HOST = "$(BUILT_PRODUCTS_DIR)/Calculator.app/Calculator";
			};
			name = Release;
		};
		05D4550E1FDDEE4D00EEADCC /* Debug */ = {
			isa = XCBuildConfiguration;
			buildSettings = {
				ALWAYS_EMBED_SWIFT_STANDARD_LIBRARIES = YES;
				CODE_SIGN_STYLE = Automatic;
				DEVELOPMENT_TEAM = HPR58Q2CVW;
				INFOPLIST_FILE = CalculatorUITests/Info.plist;
				LD_RUNPATH_SEARCH_PATHS = "$(inherited) @executable_path/Frameworks @loader_path/Frameworks";
				PRODUCT_BUNDLE_IDENTIFIER = com.borop.CalculatorUITests;
				PRODUCT_NAME = "$(TARGET_NAME)";
				SWIFT_VERSION = 4.0;
				TARGETED_DEVICE_FAMILY = "1,2";
				TEST_TARGET_NAME = Calculator;
			};
			name = Debug;
		};
		05D4550F1FDDEE4D00EEADCC /* Release */ = {
			isa = XCBuildConfiguration;
			buildSettings = {
				ALWAYS_EMBED_SWIFT_STANDARD_LIBRARIES = YES;
				CODE_SIGN_STYLE = Automatic;
				DEVELOPMENT_TEAM = HPR58Q2CVW;
				INFOPLIST_FILE = CalculatorUITests/Info.plist;
				LD_RUNPATH_SEARCH_PATHS = "$(inherited) @executable_path/Frameworks @loader_path/Frameworks";
				PRODUCT_BUNDLE_IDENTIFIER = com.borop.CalculatorUITests;
				PRODUCT_NAME = "$(TARGET_NAME)";
				SWIFT_VERSION = 4.0;
				TARGETED_DEVICE_FAMILY = "1,2";
				TEST_TARGET_NAME = Calculator;
			};
			name = Release;
		};
/* End XCBuildConfiguration section */

/* Begin XCConfigurationList section */
		05D454DA1FDDEE4C00EEADCC /* Build configuration list for PBXProject "Calculator" */ = {
			isa = XCConfigurationList;
			buildConfigurations = (
				05D455051FDDEE4D00EEADCC /* Debug */,
				05D455061FDDEE4D00EEADCC /* Release */,
			);
			defaultConfigurationIsVisible = 0;
			defaultConfigurationName = Release;
		};
		05D455071FDDEE4D00EEADCC /* Build configuration list for PBXNativeTarget "Calculator" */ = {
			isa = XCConfigurationList;
			buildConfigurations = (
				05D455081FDDEE4D00EEADCC /* Debug */,
				05D455091FDDEE4D00EEADCC /* Release */,
			);
			defaultConfigurationIsVisible = 0;
			defaultConfigurationName = Release;
		};
		05D4550A1FDDEE4D00EEADCC /* Build configuration list for PBXNativeTarget "CalculatorTests" */ = {
			isa = XCConfigurationList;
			buildConfigurations = (
				05D4550B1FDDEE4D00EEADCC /* Debug */,
				05D4550C1FDDEE4D00EEADCC /* Release */,
			);
			defaultConfigurationIsVisible = 0;
			defaultConfigurationName = Release;
		};
		05D4550D1FDDEE4D00EEADCC /* Build configuration list for PBXNativeTarget "CalculatorUITests" */ = {
			isa = XCConfigurationList;
			buildConfigurations = (
				05D4550E1FDDEE4D00EEADCC /* Debug */,
				05D4550F1FDDEE4D00EEADCC /* Release */,
			);
			defaultConfigurationIsVisible = 0;
			defaultConfigurationName = Release;
		};
/* End XCConfigurationList section */
	};
	rootObject = 05D454D71FDDEE4C00EEADCC /* Project object */;
}
